{
  "name": "mosdef-hub.github.io",
  "lockfileVersion": 3,
  "requires": true,
  "packages": {
    "": {
      "dependencies": {
        "serpapi": "^2.0.0"
      }
    },
    "node_modules/serpapi": {
      "version": "2.0.0",
      "resolved": "https://registry.npmjs.org/serpapi/-/serpapi-2.0.0.tgz",
      "integrity": "sha512-LKrIBrXWhZDmS1urFwB8e/T8omW2C7r7ZmW231aVBtMbfNx/p9pi5gkiScM/VSAcsyhX1q3oPeWCvbzQiiwaCg=="
    }
  }
}
